
Microsoft Visual Studio Solution File, Format Version 12.00
# Visual Studio Version 16
VisualStudioVersion = 16.0.29102.190
MinimumVisualStudioVersion = 10.0.40219.1
Project("{FAE04EC0-301F-11D3-BF4B-00C04F79EFBC}") = "KostManagementApp.Android", "KostManagementApp\KostManagementApp.Android\KostManagementApp.Android.csproj", "{385FD144-9270-4BF5-BDB3-6AF72FC365B4}"
EndProject
Project("{9A19103F-16F7-4668-BE54-9A1E7A4F7556}") = "KostManagementApp", "KostManagementApp\KostManagementApp\KostManagementApp.csproj", "{3A88E2CF-20E8-41A5-A09D-E137AF2BF270}"
EndProject
Project("{FAE04EC0-301F-11D3-BF4B-00C04F79EFBC}") = "KostManagementApp.WPF", "KostManagementApp.WPF\KostManagementApp.WPF.csproj", "{E1A9DBAC-69C0-4D6D-9BD3-19FA5C7672CE}"
EndProject
Global
	GlobalSection(SolutionConfigurationPlatforms) = preSolution
		Debug|Any CPU = Debug|Any CPU
		Release|Any CPU = Release|Any CPU
	EndGlobalSection
	GlobalSection(ProjectConfigurationPlatforms) = postSolution
		{385FD144-9270-4BF5-BDB3-6AF72FC365B4}.Debug|Any CPU.ActiveCfg = Debug|Any CPU
		{385FD144-9270-4BF5-BDB3-6AF72FC365B4}.Debug|Any CPU.Build.0 = Debug|Any CPU
		{385FD144-9270-4BF5-BDB3-6AF72FC365B4}.Debug|Any CPU.Deploy.0 = Debug|Any CPU
		{385FD144-9270-4BF5-BDB3-6AF72FC365B4}.Release|Any CPU.ActiveCfg = Release|Any CPU
		{385FD144-9270-4BF5-BDB3-6AF72FC365B4}.Release|Any CPU.Build.0 = Release|Any CPU
		{385FD144-9270-4BF5-BDB3-6AF72FC365B4}.Release|Any CPU.Deploy.0 = Release|Any CPU
		{3A88E2CF-20E8-41A5-A09D-E137AF2BF270}.Debug|Any CPU.ActiveCfg = Debug|Any CPU
		{3A88E2CF-20E8-41A5-A09D-E137AF2BF270}.Debug|Any CPU.Build.0 = Debug|Any CPU
		{3A88E2CF-20E8-41A5-A09D-E137AF2BF270}.Debug|Any CPU.Deploy.0 = Debug|Any CPU
		{3A88E2CF-20E8-41A5-A09D-E137AF2BF270}.Release|Any CPU.ActiveCfg = Release|Any CPU
		{3A88E2CF-20E8-41A5-A09D-E137AF2BF270}.Release|Any CPU.Build.0 = Release|Any CPU
		{3A88E2CF-20E8-41A5-A09D-E137AF2BF270}.Release|Any CPU.Deploy.0 = Release|Any CPU
		{E1A9DBAC-69C0-4D6D-9BD3-19FA5C7672CE}.Debug|Any CPU.ActiveCfg = Debug|Any CPU
		{E1A9DBAC-69C0-4D6D-9BD3-19FA5C7672CE}.Debug|Any CPU.Build.0 = Debug|Any CPU
		{E1A9DBAC-69C0-4D6D-9BD3-19FA5C7672CE}.Release|Any CPU.ActiveCfg = Release|Any CPU
		{E1A9DBAC-69C0-4D6D-9BD3-19FA5C7672CE}.Release|Any CPU.Build.0 = Release|Any CPU
	EndGlobalSection
	GlobalSection(SolutionProperties) = preSolution
		HideSolutionNode = FALSE
	EndGlobalSection
	GlobalSection(ExtensibilityGlobals) = postSolution
		SolutionGuid = {B0886556-A0BD-4CD9-BB1E-C28E18049FAE}
	EndGlobalSection
EndGlobal
